
Microsoft Visual Studio Solution File, Format Version 12.00
# Visual Studio Version 17
VisualStudioVersion = 17.4.33213.308
MinimumVisualStudioVersion = 10.0.40219.1
Project("{FAE04EC0-301F-11D3-BF4B-00C04F79EFBC}") = "SoftwareDevelopment1", "SoftwareDevelopment1.csproj", "{610EAF12-9763-45BE-AE86-7026B1F7000B}"
EndProject
Global
	GlobalSection(SolutionConfigurationPlatforms) = preSolution
		Debug|Any CPU = Debug|Any CPU
		Release|Any CPU = Release|Any CPU
	EndGlobalSection
	GlobalSection(ProjectConfigurationPlatforms) = postSolution
		{610EAF12-9763-45BE-AE86-7026B1F7000B}.Debug|Any CPU.ActiveCfg = Debug|Any CPU
		{610EAF12-9763-45BE-AE86-7026B1F7000B}.Debug|Any CPU.Build.0 = Debug|Any CPU
		{610EAF12-9763-45BE-AE86-7026B1F7000B}.Release|Any CPU.ActiveCfg = Release|Any CPU
		{610EAF12-9763-45BE-AE86-7026B1F7000B}.Release|Any CPU.Build.0 = Release|Any CPU
	EndGlobalSection
	GlobalSection(SolutionProperties) = preSolution
		HideSolutionNode = FALSE
	EndGlobalSection
	GlobalSection(ExtensibilityGlobals) = postSolution
		SolutionGuid = {035AD33A-D966-4CDB-BB2C-88004A78D9F1}
	EndGlobalSection
EndGlobal
